{
    "_readme": [
        "This file locks the dependencies of your project to a known state",
        "Read more about it at https://getcomposer.org/doc/01-basic-usage.md#installing-dependencies",
        "This file is @generated automatically"
    ],
    "content-hash": "93b831ab1f21735eeccb1e652b58464e",
    "packages": [
        {
            "name": "tareq1988/wordpress-settings-api-class",
            "version": "v1.2",
            "source": {
                "type": "git",
                "url": "https://github.com/tareq1988/wordpress-settings-api-class.git",
                "reference": "ecb2778e17ef5d871f2d13697406d5efed9068ac"
            },
            "dist": {
                "type": "zip",
                "url": "https://api.github.com/repos/tareq1988/wordpress-settings-api-class/zipball/ecb2778e17ef5d871f2d13697406d5efed9068ac",
                "reference": "ecb2778e17ef5d871f2d13697406d5efed9068ac",
                "shasum": ""
            },
            "require": {
                "php": ">=5.2.4"
            },
            "type": "library",
            "autoload": {
                "classmap": [
                    "src/"
                ]
            },
            "notification-url": "https://packagist.org/downloads/",
            "license": [
                "GPLv2"
            ],
            "authors": [
                {
                    "name": "Tareq Hasan",
                    "email": "tareq@wedevs.com",
                    "homepage": "http://tareq.wedevs.com",
                    "role": "Developer"
                }
            ],
            "description": "WordPress settings API Abstraction Class",
            "homepage": "https://github.com/tareq1988/wordpress-settings-api-class",
            "keywords": [
                "settings-api",
                "wordpress",
                "wp"
            ],
            "support": {
                "issues": "https://github.com/tareq1988/wordpress-settings-api-class/issues",
                "source": "https://github.com/tareq1988/wordpress-settings-api-class/tree/v1.2"
            },
            "time": "2015-10-18T08:33:32+00:00"
        }
    ],
    "packages-dev": [],
    "aliases": [],
    "minimum-stability": "stable",
    "stability-flags": [],
    "prefer-stable": false,
    "prefer-lowest": false,
    "platform": [],
    "platform-dev": [],
    "plugin-api-version": "2.0.0"
}
